
Microsoft Visual Studio Solution File, Format Version 12.00
# Visual Studio 15
VisualStudioVersion = 15.0.28307.705
MinimumVisualStudioVersion = 10.0.40219.1
Project("{FAE04EC0-301F-11D3-BF4B-00C04F79EFBC}") = "SerialCommTest02_Cs", "SerialCommTest02_Cs\SerialCommTest02_Cs.csproj", "{D9A97AE0-FB3E-4A83-9293-273E9E5B66E1}"
EndProject
Global
	GlobalSection(SolutionConfigurationPlatforms) = preSolution
		Debug|Any CPU = Debug|Any CPU
		Release|Any CPU = Release|Any CPU
	EndGlobalSection
	GlobalSection(ProjectConfigurationPlatforms) = postSolution
		{D9A97AE0-FB3E-4A83-9293-273E9E5B66E1}.Debug|Any CPU.ActiveCfg = Debug|Any CPU
		{D9A97AE0-FB3E-4A83-9293-273E9E5B66E1}.Debug|Any CPU.Build.0 = Debug|Any CPU
		{D9A97AE0-FB3E-4A83-9293-273E9E5B66E1}.Release|Any CPU.ActiveCfg = Release|Any CPU
		{D9A97AE0-FB3E-4A83-9293-273E9E5B66E1}.Release|Any CPU.Build.0 = Release|Any CPU
	EndGlobalSection
	GlobalSection(SolutionProperties) = preSolution
		HideSolutionNode = FALSE
	EndGlobalSection
	GlobalSection(ExtensibilityGlobals) = postSolution
		SolutionGuid = {3990A33B-7DB9-4EE2-A474-2A510C7A8C9F}
	EndGlobalSection
EndGlobal
